{
  "name": "telegram-movie-bot",
  "version": "1.0.0",
  "lockfileVersion": 3,
  "requires": true,
  "packages": {
    "": {
      "name": "telegram-movie-bot",
      "version": "1.0.0",
      "dependencies": {
        "node-telegram-bot-api": "^0.61.0"
      }
    },
    "node_modules/node-telegram-bot-api": {
      "version": "0.61.0",
      "resolved": "https://registry.npmjs.org/node-telegram-bot-api/-/node-telegram-bot-api-0.61.0.tgz",
      "integrity": "sha512-0+q5Fz6WQ6pZp6K4Z5Nq7Jkz7Zz5vYp3XQxg1x5pE8pYw6Z0wXJw8X1m5N6s4Y6x1nZK6l8g9Y8m2g=="
    }
  }
}
